
Microsoft Visual Studio Solution File, Format Version 12.00
# Visual Studio Version 16
VisualStudioVersion = 16.0.30503.244
MinimumVisualStudioVersion = 10.0.40219.1
Project("{FAE04EC0-301F-11D3-BF4B-00C04F79EFBC}") = "DemoWebSite", "DemoWebSite.csproj", "{67BAE4CA-8F4F-47B9-B83A-DE5F4337E0BA}"
EndProject
Global
	GlobalSection(SolutionConfigurationPlatforms) = preSolution
		Debug|Any CPU = Debug|Any CPU
		Release|Any CPU = Release|Any CPU
	EndGlobalSection
	GlobalSection(ProjectConfigurationPlatforms) = postSolution
		{67BAE4CA-8F4F-47B9-B83A-DE5F4337E0BA}.Debug|Any CPU.ActiveCfg = Debug|Any CPU
		{67BAE4CA-8F4F-47B9-B83A-DE5F4337E0BA}.Debug|Any CPU.Build.0 = Debug|Any CPU
		{67BAE4CA-8F4F-47B9-B83A-DE5F4337E0BA}.Release|Any CPU.ActiveCfg = Release|Any CPU
		{67BAE4CA-8F4F-47B9-B83A-DE5F4337E0BA}.Release|Any CPU.Build.0 = Release|Any CPU
	EndGlobalSection
	GlobalSection(SolutionProperties) = preSolution
		HideSolutionNode = FALSE
	EndGlobalSection
	GlobalSection(ExtensibilityGlobals) = postSolution
		SolutionGuid = {75A1E74C-E84B-4D86-90EE-BDBE6B73947B}
	EndGlobalSection
EndGlobal
